#MicroXplorer Configuration settings - do not modify
CAD.formats=
CAD.pinconfig=
CAD.provider=
FREERTOS.FootprintOK=true
FREERTOS.IPParameters=Tasks01,configUSE_NEWLIB_REENTRANT,configUSE_IDLE_HOOK,MEMORY_ALLOCATION,FootprintOK
FREERTOS.MEMORY_ALLOCATION=2
FREERTOS.Tasks01=defaultTask,0,256,StartDefaultTask,Default,NULL,Dynamic,NULL,NULL
FREERTOS.configUSE_IDLE_HOOK=1
FREERTOS.configUSE_NEWLIB_REENTRANT=1
File.Version=6
GPIO.groupedBy=Group By Peripherals
I2C1.IPParameters=Timing
I2C1.Timing=0x20404768
KeepUserPlacement=false
Mcu.CPN=STM32H753ZIT6
Mcu.Family=STM32H7
Mcu.IP0=CORTEX_M7
Mcu.IP1=FREERTOS
Mcu.IP2=I2C1
Mcu.IP3=NVIC
Mcu.IP4=RCC
Mcu.IP5=SYS
Mcu.IP6=TIM3
Mcu.IP7=USART1
Mcu.IP8=USART2
Mcu.IP9=USART3
Mcu.IPNb=10
Mcu.Name=STM32H753ZITx
Mcu.Package=LQFP144
Mcu.Pin0=PH0/OSC_IN
Mcu.Pin1=PH1/OSC_OUT
Mcu.Pin10=VP_FREERTOS_VS_CMSIS_V1
Mcu.Pin11=VP_SYS_VS_tim8
Mcu.Pin12=VP_TIM3_VS_ClockSourceINT
Mcu.Pin13=PA9
Mcu.Pin14=PA10
Mcu.Pin15=PD8
Mcu.Pin16=PD9
Mcu.Pin2=PB0
Mcu.Pin3=PE9
Mcu.Pin4=PE11
Mcu.Pin5=PE13
Mcu.Pin6=PE15
Mcu.Pin7=PD5
Mcu.Pin8=PB8
Mcu.Pin9=PB9
Mcu.PinsNb=17
Mcu.ThirdPartyNb=0
Mcu.UserConstants=
Mcu.UserName=STM32H753ZITx
MxCube.Version=6.15.0
MxDb.Version=DB.6.0.150
NVIC.BusFault_IRQn=true\:0\:0\:false\:false\:true\:false\:false\:false\:false
NVIC.DebugMonitor_IRQn=true\:0\:0\:false\:false\:true\:false\:false\:false\:false
NVIC.EXTI15_10_IRQn=true\:5\:0\:false\:false\:true\:false\:true\:true\:true
NVIC.ForceEnableDMAVector=true
NVIC.HardFault_IRQn=true\:0\:0\:false\:false\:true\:false\:false\:false\:false
NVIC.MemoryManagement_IRQn=true\:0\:0\:false\:false\:true\:false\:false\:false\:false
NVIC.NonMaskableInt_IRQn=true\:0\:0\:false\:false\:true\:false\:false\:false\:false
NVIC.PendSV_IRQn=true\:15\:0\:false\:false\:false\:true\:false\:false\:false
NVIC.PriorityGroup=NVIC_PRIORITYGROUP_4
NVIC.SVCall_IRQn=true\:0\:0\:false\:false\:false\:false\:false\:false\:false
NVIC.SavedPendsvIrqHandlerGenerated=true
NVIC.SavedSvcallIrqHandlerGenerated=true
NVIC.SavedSystickIrqHandlerGenerated=true
NVIC.SysTick_IRQn=true\:15\:0\:false\:false\:false\:true\:false\:true\:false
NVIC.TIM3_IRQn=true\:5\:0\:false\:false\:true\:true\:true\:true\:true
NVIC.TIM8_UP_TIM13_IRQn=true\:15\:0\:false\:false\:true\:false\:false\:true\:true
NVIC.TimeBase=TIM8_UP_TIM13_IRQn
NVIC.TimeBaseIP=TIM8
NVIC.USART1_IRQn=true\:5\:0\:false\:false\:true\:true\:true\:true\:true
NVIC.USART2_IRQn=true\:5\:0\:false\:false\:true\:true\:true\:true\:true
NVIC.USART3_IRQn=true\:5\:0\:false\:false\:true\:true\:true\:true\:true
NVIC.UsageFault_IRQn=true\:0\:0\:false\:false\:true\:false\:false\:false\:false
PA10.Locked=true
PA10.Mode=Asynchronous
PA10.Signal=USART1_RX
PA9.GPIOParameters=GPIO_Label
PA9.GPIO_Label=DBG_ALT_TX
PA9.Locked=true
PA9.Mode=Asynchronous
PA9.Signal=USART1_TX
PB0.GPIOParameters=GPIO_Label
PB0.GPIO_Label=LED_GREEN
PB0.Locked=true
PB0.Signal=GPIO_Output
PB8.GPIOParameters=GPIO_Pu
PB8.GPIO_Pu=GPIO_PULLUP
PB8.Locked=true
PB8.Mode=I2C
PB8.Signal=I2C1_SCL
PB9.GPIOParameters=GPIO_Pu
PB9.GPIO_Pu=GPIO_PULLUP
PB9.Locked=true
PB9.Mode=I2C
PB9.Signal=I2C1_SDA
PD5.GPIOParameters=GPIO_PuPd
PD5.GPIO_PuPd=GPIO_NOPULL
PD5.Locked=true
PD5.Mode=Half_duplex(single_wire_mode)
PD5.Signal=USART2_TX
PD8.GPIOParameters=GPIO_Label
PD8.GPIO_Label=STLINK_RX
PD8.Locked=true
PD8.Mode=Asynchronous
PD8.Signal=USART3_TX
PD9.GPIOParameters=GPIO_Label
PD9.GPIO_Label=STLINK_TX
PD9.Locked=true
PD9.Mode=Asynchronous
PD9.Signal=USART3_RX
PE11.GPIOParameters=GPIO_Label
PE11.GPIO_Label=TMC_DIR
PE11.Locked=true
PE11.Signal=GPIO_Output
PE13.GPIOParameters=GPIO_Label
PE13.GPIO_Label=TMC_EN
PE13.Locked=true
PE13.Signal=GPIO_Output
PE15.GPIOParameters=GPIO_Label
PE15.GPIO_Label=TMC_DIAG
PE15.Locked=true
PE15.Signal=GPXTI15
PE9.GPIOParameters=GPIO_Speed,GPIO_Label
PE9.GPIO_Label=TMC_STEP
PE9.GPIO_Speed=GPIO_SPEED_FREQ_HIGH
PE9.Locked=true
PE9.Signal=GPIO_Output
PH0/OSC_IN.Mode=HSE-External-Oscillator
PH0/OSC_IN.Signal=RCC_OSC_IN
PH1/OSC_OUT.Mode=HSE-External-Oscillator
PH1/OSC_OUT.Signal=RCC_OSC_OUT
PinOutPanel.RotationAngle=0
ProjectManager.AskForMigrate=true
ProjectManager.BackupPrevious=false
ProjectManager.CompilerLinker=GCC
ProjectManager.CompilerOptimize=6
ProjectManager.ComputerToolchain=false
ProjectManager.CoupleFile=false
ProjectManager.CustomerFirmwarePackage=
ProjectManager.DefaultFWLocation=true
ProjectManager.DeletePrevious=true
ProjectManager.DeviceId=STM32H753ZITx
ProjectManager.FirmwarePackage=STM32Cube FW_H7 V1.12.1
ProjectManager.FreePins=false
ProjectManager.HalAssertFull=false
ProjectManager.HeapSize=0x200
ProjectManager.KeepUserCode=true
ProjectManager.LastFirmware=false
ProjectManager.LibraryCopy=1
ProjectManager.MainLocation=Core/Src
ProjectManager.NoMain=false
ProjectManager.PreviousToolchain=
ProjectManager.ProjectBuild=false
ProjectManager.ProjectFileName=SuR_Motor_Remake.ioc
ProjectManager.ProjectName=SuR_Motor_Remake
ProjectManager.ProjectStructure=
ProjectManager.RegisterCallBack=
ProjectManager.StackSize=0x400
ProjectManager.TargetToolchain=STM32CubeIDE
ProjectManager.ToolChainLocation=
ProjectManager.UAScriptAfterPath=
ProjectManager.UAScriptBeforePath=
ProjectManager.UnderRoot=true
ProjectManager.functionlistsort=1-SystemClock_Config-RCC-false-HAL-false,2-MX_GPIO_Init-GPIO-false-HAL-true,3-MX_USART2_UART_Init-USART2-false-HAL-true,4-MX_I2C1_Init-I2C1-false-HAL-true,5-MX_TIM3_Init-TIM3-false-HAL-true,6-MX_USART1_UART_Init-USART1-false-HAL-true,7-MX_USART3_UART_Init-USART3-false-HAL-true,0-MX_CORTEX_M7_Init-CORTEX_M7-false-HAL-true
RCC.D1CPREFreq_Value=400000000
RCC.D1PPRE=RCC_APB3_DIV2
RCC.D2PPRE1=RCC_APB1_DIV2
RCC.D2PPRE2=RCC_APB2_DIV2
RCC.D3PPRE=RCC_APB4_DIV2
RCC.DIVM1=4
RCC.DIVN1=400
RCC.DIVP1Freq_Value=400000000
RCC.DIVQ1=8
RCC.DIVQ1Freq_Value=100000000
RCC.FamilyName=M
RCC.HPRE=RCC_HCLK_DIV2
RCC.HSE_VALUE=8000000
RCC.APB1Freq_Value=100000000
RCC.APB2Freq_Value=100000000
RCC.APB3Freq_Value=100000000
RCC.APB4Freq_Value=100000000
RCC.AHB12Freq_Value=200000000
RCC.AHB4Freq_Value=200000000
RCC.AXIClockFreq_Value=200000000
RCC.HCLK3ClockFreq_Value=200000000
RCC.HCLKFreq_Value=200000000
RCC.CortexFreq_Value=400000000
RCC.CpuClockFreq_Value=400000000
RCC.I2C123Freq_Value=100000000
RCC.IPParameters=D1CPREFreq_Value,D1PPRE,D2PPRE1,D2PPRE2,D3PPRE,DIVM1,DIVN1,DIVP1Freq_Value,DIVQ1,DIVQ1Freq_Value,FamilyName,HPRE,HSE_VALUE,APB1Freq_Value,APB2Freq_Value,APB3Freq_Value,APB4Freq_Value,AHB12Freq_Value,AHB4Freq_Value,AXIClockFreq_Value,HCLK3ClockFreq_Value,HCLKFreq_Value,CortexFreq_Value,CpuClockFreq_Value,I2C123Freq_Value,PLLFRACN,PLLSourceVirtual,PWR_Regulator_Voltage_Scale,SYSCLKFreq_VALUE,SYSCLKSource,USART16Freq_Value,USART234578Freq_Value,VCO1OutputFreq_Value,VCOInput1Freq_Value
RCC.PLLFRACN=0
RCC.PLLSourceVirtual=RCC_PLLSOURCE_HSE
RCC.PWR_Regulator_Voltage_Scale=PWR_REGULATOR_VOLTAGE_SCALE1
RCC.SYSCLKFreq_VALUE=400000000
RCC.SYSCLKSource=RCC_SYSCLKSOURCE_PLLCLK
RCC.USART16Freq_Value=100000000
RCC.USART234578Freq_Value=100000000
RCC.VCO1OutputFreq_Value=800000000
RCC.VCOInput1Freq_Value=2000000
SH.GPXTI15.0=GPIO_EXTI15
SH.GPXTI15.ConfNb=1
TIM3.AutoReloadPreload=TIM_AUTORELOAD_PRELOAD_ENABLE
TIM3.IPParameters=AutoReloadPreload,Prescaler
TIM3.Prescaler=199
USART1.IPParameters=BaudRate
USART1.BaudRate=460800
USART2.IPParameters=VirtualMode-Half_duplex(single_wire_mode)
USART2.VirtualMode-Half_duplex(single_wire_mode)=VM_ASYNC
USART3.IPParameters=BaudRate
USART3.BaudRate=460800
VP_FREERTOS_VS_CMSIS_V1.Mode=CMSIS_V1
VP_FREERTOS_VS_CMSIS_V1.Signal=FREERTOS_VS_CMSIS_V1
VP_SYS_VS_tim8.Mode=TIM8
VP_SYS_VS_tim8.Signal=SYS_VS_tim8
VP_TIM3_VS_ClockSourceINT.Mode=Internal
VP_TIM3_VS_ClockSourceINT.Signal=TIM3_VS_ClockSourceINT
board=custom
rtos.0.ip=FREERTOS
isbadioc=false
